
Microsoft Visual Studio Solution File, Format Version 12.00
# Visual Studio Version 17
VisualStudioVersion = 17.13.35919.96 d17.13
MinimumVisualStudioVersion = 10.0.40219.1
Project("{FAE04EC0-301F-11D3-BF4B-00C04F79EFBC}") = "ConexionAPI_AI_CalvaJ_RodriguezJ_RualesM", "ConexionAPI_AI_CalvaJ_RodriguezJ_RualesM\ConexionAPI_AI_CalvaJ_RodriguezJ_RualesM.csproj", "{CA4E6E85-F563-4D18-9AA6-1422D945D871}"
EndProject
Global
	GlobalSection(SolutionConfigurationPlatforms) = preSolution
		Debug|Any CPU = Debug|Any CPU
		Release|Any CPU = Release|Any CPU
	EndGlobalSection
	GlobalSection(ProjectConfigurationPlatforms) = postSolution
		{CA4E6E85-F563-4D18-9AA6-1422D945D871}.Debug|Any CPU.ActiveCfg = Debug|Any CPU
		{CA4E6E85-F563-4D18-9AA6-1422D945D871}.Debug|Any CPU.Build.0 = Debug|Any CPU
		{CA4E6E85-F563-4D18-9AA6-1422D945D871}.Release|Any CPU.ActiveCfg = Release|Any CPU
		{CA4E6E85-F563-4D18-9AA6-1422D945D871}.Release|Any CPU.Build.0 = Release|Any CPU
	EndGlobalSection
	GlobalSection(SolutionProperties) = preSolution
		HideSolutionNode = FALSE
	EndGlobalSection
	GlobalSection(ExtensibilityGlobals) = postSolution
		SolutionGuid = {9FC0E597-37E1-4460-9D29-6391669938F7}
	EndGlobalSection
EndGlobal
